<Solution>
  <Folder Name="/backend/" />
  <Folder Name="/backend/src/">
    <Project Path="backend/src/Secretary.Agents/Secretary.Agents.csproj" />
    <Project Path="backend/src/Secretary.Api/Secretary.Api.csproj" />
    <Project Path="backend/src/Secretary.Application/Secretary.Application.csproj" />
    <Project Path="backend/src/Secretary.Domain/Secretary.Domain.csproj" />
    <Project Path="backend/src/Secretary.Infrastructure/Secretary.Infrastructure.csproj" />
    <Project Path="backend/src/Secretary.Voice.OpenAi/Secretary.Voice.OpenAi.csproj" />
    <Project Path="backend/src/Secretary.Voice/Secretary.Voice.csproj" />
  </Folder>
  <Folder Name="/backend/tests/">
    <Project Path="backend/tests/Secretary.Agents.Tests/Secretary.Agents.Tests.csproj" />
    <Project Path="backend/tests/Secretary.Api.Tests/Secretary.Api.Tests.csproj" />
    <Project Path="backend/tests/Secretary.Application.Tests/Secretary.Application.Tests.csproj" />
    <Project Path="backend/tests/Secretary.Domain.Tests/Secretary.Domain.Tests.csproj" />
    <Project Path="backend/tests/Secretary.Infrastructure.Tests/Secretary.Infrastructure.Tests.csproj" />
    <Project Path="backend/tests/Secretary.Voice.Tests/Secretary.Voice.Tests.csproj" />
  </Folder>
</Solution>
